
Microsoft Visual Studio Solution File, Format Version 12.00
# Visual Studio Version 17
VisualStudioVersion = 17.0.31903.59
MinimumVisualStudioVersion = 10.0.40219.1
Project("{2150E333-8FDC-42A3-9474-1A3956D46DE8}") = "AutoGuia.Web", "AutoGuia.Web", "{F39BD2A0-C30D-4C99-9D72-10F417A1242D}"
EndProject
Project("{FAE04EC0-301F-11D3-BF4B-00C04F79EFBC}") = "AutoGuia.Web", "AutoGuia.Web\AutoGuia.Web\AutoGuia.Web.csproj", "{4846B87A-CC1E-4CB8-839D-AF5E2860B7B4}"
EndProject
Project("{FAE04EC0-301F-11D3-BF4B-00C04F79EFBC}") = "AutoGuia.Web.Client", "AutoGuia.Web\AutoGuia.Web.Client\AutoGuia.Web.Client.csproj", "{A4870B32-F1F9-4394-A60A-79732F73AF33}"
EndProject
Project("{FAE04EC0-301F-11D3-BF4B-00C04F79EFBC}") = "AutoGuia.Core", "AutoGuia.Core\AutoGuia.Core.csproj", "{696E8AB4-196C-457F-B208-72D521AB0469}"
EndProject
Project("{FAE04EC0-301F-11D3-BF4B-00C04F79EFBC}") = "AutoGuia.Infrastructure", "AutoGuia.Infrastructure\AutoGuia.Infrastructure.csproj", "{A22B3735-EFC5-4C63-B170-7CA73B92B597}"
EndProject
Project("{FAE04EC0-301F-11D3-BF4B-00C04F79EFBC}") = "AutoGuia.Scraper", "AutoGuia.Scraper\AutoGuia.Scraper.csproj", "{39831C90-57F2-48FF-992F-554B4248DDEE}"
EndProject
Global
	GlobalSection(SolutionConfigurationPlatforms) = preSolution
		Debug|Any CPU = Debug|Any CPU
		Release|Any CPU = Release|Any CPU
	EndGlobalSection
	GlobalSection(SolutionProperties) = preSolution
		HideSolutionNode = FALSE
	EndGlobalSection
	GlobalSection(ProjectConfigurationPlatforms) = postSolution
		{4846B87A-CC1E-4CB8-839D-AF5E2860B7B4}.Debug|Any CPU.ActiveCfg = Debug|Any CPU
		{4846B87A-CC1E-4CB8-839D-AF5E2860B7B4}.Debug|Any CPU.Build.0 = Debug|Any CPU
		{4846B87A-CC1E-4CB8-839D-AF5E2860B7B4}.Release|Any CPU.ActiveCfg = Release|Any CPU
		{4846B87A-CC1E-4CB8-839D-AF5E2860B7B4}.Release|Any CPU.Build.0 = Release|Any CPU
		{A4870B32-F1F9-4394-A60A-79732F73AF33}.Debug|Any CPU.ActiveCfg = Debug|Any CPU
		{A4870B32-F1F9-4394-A60A-79732F73AF33}.Debug|Any CPU.Build.0 = Debug|Any CPU
		{A4870B32-F1F9-4394-A60A-79732F73AF33}.Release|Any CPU.ActiveCfg = Release|Any CPU
		{A4870B32-F1F9-4394-A60A-79732F73AF33}.Release|Any CPU.Build.0 = Release|Any CPU
		{696E8AB4-196C-457F-B208-72D521AB0469}.Debug|Any CPU.ActiveCfg = Debug|Any CPU
		{696E8AB4-196C-457F-B208-72D521AB0469}.Debug|Any CPU.Build.0 = Debug|Any CPU
		{696E8AB4-196C-457F-B208-72D521AB0469}.Release|Any CPU.ActiveCfg = Release|Any CPU
		{696E8AB4-196C-457F-B208-72D521AB0469}.Release|Any CPU.Build.0 = Release|Any CPU
		{A22B3735-EFC5-4C63-B170-7CA73B92B597}.Debug|Any CPU.ActiveCfg = Debug|Any CPU
		{A22B3735-EFC5-4C63-B170-7CA73B92B597}.Debug|Any CPU.Build.0 = Debug|Any CPU
		{A22B3735-EFC5-4C63-B170-7CA73B92B597}.Release|Any CPU.ActiveCfg = Release|Any CPU
		{A22B3735-EFC5-4C63-B170-7CA73B92B597}.Release|Any CPU.Build.0 = Release|Any CPU
		{39831C90-57F2-48FF-992F-554B4248DDEE}.Debug|Any CPU.ActiveCfg = Debug|Any CPU
		{39831C90-57F2-48FF-992F-554B4248DDEE}.Debug|Any CPU.Build.0 = Debug|Any CPU
		{39831C90-57F2-48FF-992F-554B4248DDEE}.Release|Any CPU.ActiveCfg = Release|Any CPU
		{39831C90-57F2-48FF-992F-554B4248DDEE}.Release|Any CPU.Build.0 = Release|Any CPU
	EndGlobalSection
	GlobalSection(NestedProjects) = preSolution
		{4846B87A-CC1E-4CB8-839D-AF5E2860B7B4} = {F39BD2A0-C30D-4C99-9D72-10F417A1242D}
		{A4870B32-F1F9-4394-A60A-79732F73AF33} = {F39BD2A0-C30D-4C99-9D72-10F417A1242D}
	EndGlobalSection
EndGlobal
